
Microsoft Visual Studio Solution File, Format Version 12.00
# Visual Studio Version 16
VisualStudioVersion = 16.0.33927.289
MinimumVisualStudioVersion = 10.0.40219.1
Project("{FAE04EC0-301F-11D3-BF4B-00C04F79EFBC}") = "szoveg_stat", "szoveg_stat\szoveg_stat.csproj", "{554AD91A-FEA4-42D1-81DE-AFBD7F3FB2A8}"
EndProject
Global
	GlobalSection(SolutionConfigurationPlatforms) = preSolution
		Debug|Any CPU = Debug|Any CPU
		Release|Any CPU = Release|Any CPU
	EndGlobalSection
	GlobalSection(ProjectConfigurationPlatforms) = postSolution
		{554AD91A-FEA4-42D1-81DE-AFBD7F3FB2A8}.Debug|Any CPU.ActiveCfg = Debug|Any CPU
		{554AD91A-FEA4-42D1-81DE-AFBD7F3FB2A8}.Debug|Any CPU.Build.0 = Debug|Any CPU
		{554AD91A-FEA4-42D1-81DE-AFBD7F3FB2A8}.Release|Any CPU.ActiveCfg = Release|Any CPU
		{554AD91A-FEA4-42D1-81DE-AFBD7F3FB2A8}.Release|Any CPU.Build.0 = Release|Any CPU
	EndGlobalSection
	GlobalSection(SolutionProperties) = preSolution
		HideSolutionNode = FALSE
	EndGlobalSection
	GlobalSection(ExtensibilityGlobals) = postSolution
		SolutionGuid = {613777A6-2BDE-41A9-94DB-0ACD83A021E5}
	EndGlobalSection
EndGlobal
